
Microsoft Visual Studio Solution File, Format Version 12.00
# Visual Studio Version 16
VisualStudioVersion = 16.0.31911.196
MinimumVisualStudioVersion = 10.0.40219.1
Project("{9A19103F-16F7-4668-BE54-9A1E7A4F7556}") = "Movie_Actor_zh_2021.App", "Movie_Actor_zh_2021\Movie_Actor_zh_2021.App.csproj", "{A40011A2-07FB-48EB-81F5-69F49CF6D97D}"
EndProject
Project("{FAE04EC0-301F-11D3-BF4B-00C04F79EFBC}") = "Movie_Actor_zh_2021.Tests", "Movie_Actor_zh_2021.Tests\Movie_Actor_zh_2021.Tests.csproj", "{6C907F13-C0FA-479E-9DD1-613858BCB695}"
	ProjectSection(ProjectDependencies) = postProject
		{A40011A2-07FB-48EB-81F5-69F49CF6D97D} = {A40011A2-07FB-48EB-81F5-69F49CF6D97D}
	EndProjectSection
EndProject
Global
	GlobalSection(SolutionConfigurationPlatforms) = preSolution
		Debug|Any CPU = Debug|Any CPU
		Release|Any CPU = Release|Any CPU
	EndGlobalSection
	GlobalSection(ProjectConfigurationPlatforms) = postSolution
		{A40011A2-07FB-48EB-81F5-69F49CF6D97D}.Debug|Any CPU.ActiveCfg = Debug|Any CPU
		{A40011A2-07FB-48EB-81F5-69F49CF6D97D}.Debug|Any CPU.Build.0 = Debug|Any CPU
		{A40011A2-07FB-48EB-81F5-69F49CF6D97D}.Release|Any CPU.ActiveCfg = Release|Any CPU
		{A40011A2-07FB-48EB-81F5-69F49CF6D97D}.Release|Any CPU.Build.0 = Release|Any CPU
		{6C907F13-C0FA-479E-9DD1-613858BCB695}.Debug|Any CPU.ActiveCfg = Debug|Any CPU
		{6C907F13-C0FA-479E-9DD1-613858BCB695}.Debug|Any CPU.Build.0 = Debug|Any CPU
		{6C907F13-C0FA-479E-9DD1-613858BCB695}.Release|Any CPU.ActiveCfg = Release|Any CPU
		{6C907F13-C0FA-479E-9DD1-613858BCB695}.Release|Any CPU.Build.0 = Release|Any CPU
	EndGlobalSection
	GlobalSection(SolutionProperties) = preSolution
		HideSolutionNode = FALSE
	EndGlobalSection
	GlobalSection(ExtensibilityGlobals) = postSolution
		SolutionGuid = {664A0637-4FDD-416C-A141-77C845AB0E84}
	EndGlobalSection
EndGlobal
